
Microsoft Visual Studio Solution File, Format Version 12.00
# Visual Studio 15
VisualStudioVersion = 15.0.28307.329
MinimumVisualStudioVersion = 10.0.40219.1
Project("{9A19103F-16F7-4668-BE54-9A1E7A4F7556}") = "WStore", "WStore\WStore.csproj", "{3F241E12-79BB-4FCC-B0BC-D65C88A210C5}"
EndProject
Project("{FAE04EC0-301F-11D3-BF4B-00C04F79EFBC}") = "WebStore.Domain", "WebStore.Domain\WebStore.Domain.csproj", "{CF186C5E-F80C-49CA-916B-94346CA28B66}"
EndProject
Global
	GlobalSection(SolutionConfigurationPlatforms) = preSolution
		Debug|Any CPU = Debug|Any CPU
		Release|Any CPU = Release|Any CPU
	EndGlobalSection
	GlobalSection(ProjectConfigurationPlatforms) = postSolution
		{3F241E12-79BB-4FCC-B0BC-D65C88A210C5}.Debug|Any CPU.ActiveCfg = Debug|Any CPU
		{3F241E12-79BB-4FCC-B0BC-D65C88A210C5}.Debug|Any CPU.Build.0 = Debug|Any CPU
		{3F241E12-79BB-4FCC-B0BC-D65C88A210C5}.Release|Any CPU.ActiveCfg = Release|Any CPU
		{3F241E12-79BB-4FCC-B0BC-D65C88A210C5}.Release|Any CPU.Build.0 = Release|Any CPU
		{CF186C5E-F80C-49CA-916B-94346CA28B66}.Debug|Any CPU.ActiveCfg = Debug|Any CPU
		{CF186C5E-F80C-49CA-916B-94346CA28B66}.Debug|Any CPU.Build.0 = Debug|Any CPU
		{CF186C5E-F80C-49CA-916B-94346CA28B66}.Release|Any CPU.ActiveCfg = Release|Any CPU
		{CF186C5E-F80C-49CA-916B-94346CA28B66}.Release|Any CPU.Build.0 = Release|Any CPU
	EndGlobalSection
	GlobalSection(SolutionProperties) = preSolution
		HideSolutionNode = FALSE
	EndGlobalSection
	GlobalSection(ExtensibilityGlobals) = postSolution
		SolutionGuid = {3275C7C1-5072-49AC-BF7B-F12D1306368E}
	EndGlobalSection
EndGlobal
